
Microsoft Visual Studio Solution File, Format Version 12.00
# Visual Studio Version 16
VisualStudioVersion = 16.0.30717.126
MinimumVisualStudioVersion = 10.0.40219.1
Project("{FAE04EC0-301F-11D3-BF4B-00C04F79EFBC}") = "Kurirska Služba", "Kurirska Služba\Kurirska Služba.csproj", "{F39B311E-4404-4986-9E33-53E4F4A2E2E6}"
EndProject
Global
	GlobalSection(SolutionConfigurationPlatforms) = preSolution
		Debug|Any CPU = Debug|Any CPU
		Release|Any CPU = Release|Any CPU
	EndGlobalSection
	GlobalSection(ProjectConfigurationPlatforms) = postSolution
		{F39B311E-4404-4986-9E33-53E4F4A2E2E6}.Debug|Any CPU.ActiveCfg = Debug|Any CPU
		{F39B311E-4404-4986-9E33-53E4F4A2E2E6}.Debug|Any CPU.Build.0 = Debug|Any CPU
		{F39B311E-4404-4986-9E33-53E4F4A2E2E6}.Release|Any CPU.ActiveCfg = Release|Any CPU
		{F39B311E-4404-4986-9E33-53E4F4A2E2E6}.Release|Any CPU.Build.0 = Release|Any CPU
	EndGlobalSection
	GlobalSection(SolutionProperties) = preSolution
		HideSolutionNode = FALSE
	EndGlobalSection
	GlobalSection(ExtensibilityGlobals) = postSolution
		SolutionGuid = {7015E7CB-6AD4-40B1-9F8F-52ABA9208365}
	EndGlobalSection
EndGlobal
